
Microsoft Visual Studio Solution File, Format Version 12.00
# Visual Studio Version 16
VisualStudioVersion = 16.0.29230.47
MinimumVisualStudioVersion = 10.0.40219.1
Project("{FAE04EC0-301F-11D3-BF4B-00C04F79EFBC}") = "SlcspSolution", "SlcspSolution\SlcspSolution.csproj", "{02337F38-E3E3-4F44-937A-61494D35BD25}"
EndProject
Global
	GlobalSection(SolutionConfigurationPlatforms) = preSolution
		Debug|Any CPU = Debug|Any CPU
		Release|Any CPU = Release|Any CPU
	EndGlobalSection
	GlobalSection(ProjectConfigurationPlatforms) = postSolution
		{02337F38-E3E3-4F44-937A-61494D35BD25}.Debug|Any CPU.ActiveCfg = Debug|Any CPU
		{02337F38-E3E3-4F44-937A-61494D35BD25}.Debug|Any CPU.Build.0 = Debug|Any CPU
		{02337F38-E3E3-4F44-937A-61494D35BD25}.Release|Any CPU.ActiveCfg = Release|Any CPU
		{02337F38-E3E3-4F44-937A-61494D35BD25}.Release|Any CPU.Build.0 = Release|Any CPU
	EndGlobalSection
	GlobalSection(SolutionProperties) = preSolution
		HideSolutionNode = FALSE
	EndGlobalSection
	GlobalSection(ExtensibilityGlobals) = postSolution
		SolutionGuid = {036FF29B-1265-4390-83ED-6C505627DDAB}
	EndGlobalSection
EndGlobal
